
Microsoft Visual Studio Solution File, Format Version 12.00
# Visual Studio 15
VisualStudioVersion = 15.0.28010.2041
MinimumVisualStudioVersion = 10.0.40219.1
Project("{FAE04EC0-301F-11D3-BF4B-00C04F79EFBC}") = "OpenFileDialogueSample", "OpenFileDialogueSample\OpenFileDialogueSample.csproj", "{C32B8818-D343-445E-9BAF-DF5BF50A6D3A}"
EndProject
Global
	GlobalSection(SolutionConfigurationPlatforms) = preSolution
		Debug|Any CPU = Debug|Any CPU
		Release|Any CPU = Release|Any CPU
	EndGlobalSection
	GlobalSection(ProjectConfigurationPlatforms) = postSolution
		{C32B8818-D343-445E-9BAF-DF5BF50A6D3A}.Debug|Any CPU.ActiveCfg = Debug|Any CPU
		{C32B8818-D343-445E-9BAF-DF5BF50A6D3A}.Debug|Any CPU.Build.0 = Debug|Any CPU
		{C32B8818-D343-445E-9BAF-DF5BF50A6D3A}.Release|Any CPU.ActiveCfg = Release|Any CPU
		{C32B8818-D343-445E-9BAF-DF5BF50A6D3A}.Release|Any CPU.Build.0 = Release|Any CPU
	EndGlobalSection
	GlobalSection(SolutionProperties) = preSolution
		HideSolutionNode = FALSE
	EndGlobalSection
	GlobalSection(ExtensibilityGlobals) = postSolution
		SolutionGuid = {49E6B580-023F-4BED-9D11-3DEFBEAF0306}
	EndGlobalSection
EndGlobal
