
Microsoft Visual Studio Solution File, Format Version 12.00
# Visual Studio Version 17
VisualStudioVersion = 17.1.32120.378
MinimumVisualStudioVersion = 10.0.40219.1
Project("{2150E333-8FDC-42A3-9474-1A3956D46DE8}") = "src", "src", "{DB0D0F4D-89B7-4D3A-8B31-63306838B228}"
EndProject
Project("{2150E333-8FDC-42A3-9474-1A3956D46DE8}") = "test", "test", "{A9BE473F-8C55-442F-9944-E94057318509}"
EndProject
Project("{9A19103F-16F7-4668-BE54-9A1E7A4F7556}") = "LSE.Stocks.Api", "src\LSE.Stocks.Api\LSE.Stocks.Api.csproj", "{0B93B33B-E9E5-4825-9DDA-38DC55E52DFF}"
EndProject
Project("{9A19103F-16F7-4668-BE54-9A1E7A4F7556}") = "LSE.Stocks.Api.Tests.Component", "test\LSE.Stocks.Api.Tests.Component\LSE.Stocks.Api.Tests.Component.csproj", "{9E67591A-C9C3-4DB5-A15F-7AB920DFE031}"
EndProject
Project("{9A19103F-16F7-4668-BE54-9A1E7A4F7556}") = "LSE.Stocks.Application", "src\LSE.Stocks.Application\LSE.Stocks.Application.csproj", "{EE0BA714-36AF-41CC-BE42-6AD00B43C713}"
EndProject
Project("{9A19103F-16F7-4668-BE54-9A1E7A4F7556}") = "LSE.Stocks.Domain", "src\LSE.Stocks.Domain\LSE.Stocks.Domain.csproj", "{D7B70B01-D6CD-4D72-8816-DCB05780C835}"
EndProject
Project("{9A19103F-16F7-4668-BE54-9A1E7A4F7556}") = "LSE.Stocks.Infrastructure", "src\LSE.Stocks.Infrastructure\LSE.Stocks.Infrastructure.csproj", "{638F2A64-ACE8-4811-95A5-253575B5A6E6}"
EndProject
Project("{9A19103F-16F7-4668-BE54-9A1E7A4F7556}") = "LSE.Stocks.Api.Tests.Integration", "test\LSE.Stocks.Api.Tests.Integration\LSE.Stocks.Api.Tests.Integration.csproj", "{91C608D2-E92B-4F05-A102-4C92173770BE}"
EndProject
Project("{FAE04EC0-301F-11D3-BF4B-00C04F79EFBC}") = "LSE.Stocks.Api.Tests.Unit", "tests\LSE.Stocks.Api.Tests.Unit\LSE.Stocks.Api.Tests.Unit.csproj", "{3BB2FB4D-6CD6-4228-AAAB-1B05C9F42101}"
EndProject
Global
	GlobalSection(SolutionConfigurationPlatforms) = preSolution
		Debug|Any CPU = Debug|Any CPU
		Release|Any CPU = Release|Any CPU
	EndGlobalSection
	GlobalSection(ProjectConfigurationPlatforms) = postSolution
		{0B93B33B-E9E5-4825-9DDA-38DC55E52DFF}.Debug|Any CPU.ActiveCfg = Debug|Any CPU
		{0B93B33B-E9E5-4825-9DDA-38DC55E52DFF}.Debug|Any CPU.Build.0 = Debug|Any CPU
		{0B93B33B-E9E5-4825-9DDA-38DC55E52DFF}.Release|Any CPU.ActiveCfg = Release|Any CPU
		{0B93B33B-E9E5-4825-9DDA-38DC55E52DFF}.Release|Any CPU.Build.0 = Release|Any CPU
		{9E67591A-C9C3-4DB5-A15F-7AB920DFE031}.Debug|Any CPU.ActiveCfg = Debug|Any CPU
		{9E67591A-C9C3-4DB5-A15F-7AB920DFE031}.Debug|Any CPU.Build.0 = Debug|Any CPU
		{9E67591A-C9C3-4DB5-A15F-7AB920DFE031}.Release|Any CPU.ActiveCfg = Release|Any CPU
		{9E67591A-C9C3-4DB5-A15F-7AB920DFE031}.Release|Any CPU.Build.0 = Release|Any CPU
		{EE0BA714-36AF-41CC-BE42-6AD00B43C713}.Debug|Any CPU.ActiveCfg = Debug|Any CPU
		{EE0BA714-36AF-41CC-BE42-6AD00B43C713}.Debug|Any CPU.Build.0 = Debug|Any CPU
		{EE0BA714-36AF-41CC-BE42-6AD00B43C713}.Release|Any CPU.ActiveCfg = Release|Any CPU
		{EE0BA714-36AF-41CC-BE42-6AD00B43C713}.Release|Any CPU.Build.0 = Release|Any CPU
		{D7B70B01-D6CD-4D72-8816-DCB05780C835}.Debug|Any CPU.ActiveCfg = Debug|Any CPU
		{D7B70B01-D6CD-4D72-8816-DCB05780C835}.Debug|Any CPU.Build.0 = Debug|Any CPU
		{D7B70B01-D6CD-4D72-8816-DCB05780C835}.Release|Any CPU.ActiveCfg = Release|Any CPU
		{D7B70B01-D6CD-4D72-8816-DCB05780C835}.Release|Any CPU.Build.0 = Release|Any CPU
		{638F2A64-ACE8-4811-95A5-253575B5A6E6}.Debug|Any CPU.ActiveCfg = Debug|Any CPU
		{638F2A64-ACE8-4811-95A5-253575B5A6E6}.Debug|Any CPU.Build.0 = Debug|Any CPU
		{638F2A64-ACE8-4811-95A5-253575B5A6E6}.Release|Any CPU.ActiveCfg = Release|Any CPU
		{638F2A64-ACE8-4811-95A5-253575B5A6E6}.Release|Any CPU.Build.0 = Release|Any CPU
		{91C608D2-E92B-4F05-A102-4C92173770BE}.Debug|Any CPU.ActiveCfg = Debug|Any CPU
		{91C608D2-E92B-4F05-A102-4C92173770BE}.Debug|Any CPU.Build.0 = Debug|Any CPU
		{91C608D2-E92B-4F05-A102-4C92173770BE}.Release|Any CPU.ActiveCfg = Release|Any CPU
		{91C608D2-E92B-4F05-A102-4C92173770BE}.Release|Any CPU.Build.0 = Release|Any CPU
		{3BB2FB4D-6CD6-4228-AAAB-1B05C9F42101}.Debug|Any CPU.ActiveCfg = Debug|Any CPU
		{3BB2FB4D-6CD6-4228-AAAB-1B05C9F42101}.Debug|Any CPU.Build.0 = Debug|Any CPU
		{3BB2FB4D-6CD6-4228-AAAB-1B05C9F42101}.Release|Any CPU.ActiveCfg = Release|Any CPU
		{3BB2FB4D-6CD6-4228-AAAB-1B05C9F42101}.Release|Any CPU.Build.0 = Release|Any CPU
	EndGlobalSection
	GlobalSection(SolutionProperties) = preSolution
		HideSolutionNode = FALSE
	EndGlobalSection
	GlobalSection(NestedProjects) = preSolution
		{0B93B33B-E9E5-4825-9DDA-38DC55E52DFF} = {DB0D0F4D-89B7-4D3A-8B31-63306838B228}
		{9E67591A-C9C3-4DB5-A15F-7AB920DFE031} = {A9BE473F-8C55-442F-9944-E94057318509}
		{EE0BA714-36AF-41CC-BE42-6AD00B43C713} = {DB0D0F4D-89B7-4D3A-8B31-63306838B228}
		{D7B70B01-D6CD-4D72-8816-DCB05780C835} = {DB0D0F4D-89B7-4D3A-8B31-63306838B228}
		{638F2A64-ACE8-4811-95A5-253575B5A6E6} = {DB0D0F4D-89B7-4D3A-8B31-63306838B228}
		{91C608D2-E92B-4F05-A102-4C92173770BE} = {A9BE473F-8C55-442F-9944-E94057318509}
		{3BB2FB4D-6CD6-4228-AAAB-1B05C9F42101} = {A9BE473F-8C55-442F-9944-E94057318509}
	EndGlobalSection
	GlobalSection(ExtensibilityGlobals) = postSolution
		SolutionGuid = {F8706631-6B0A-4EB9-BEDD-9F4B7296D229}
	EndGlobalSection
EndGlobal
